
Microsoft Visual Studio Solution File, Format Version 12.00
# Visual Studio Version 17
VisualStudioVersion = 17.1.32228.430
MinimumVisualStudioVersion = 10.0.40219.1
Project("{FAE04EC0-301F-11D3-BF4B-00C04F79EFBC}") = "ConsoleApp2", "ConsoleApp2\ConsoleApp2.csproj", "{C4CAC2B3-4FAE-4C16-8EF9-93659DA7CCDA}"
EndProject
Global
	GlobalSection(SolutionConfigurationPlatforms) = preSolution
		Debug|Any CPU = Debug|Any CPU
		Release|Any CPU = Release|Any CPU
	EndGlobalSection
	GlobalSection(ProjectConfigurationPlatforms) = postSolution
		{C4CAC2B3-4FAE-4C16-8EF9-93659DA7CCDA}.Debug|Any CPU.ActiveCfg = Debug|Any CPU
		{C4CAC2B3-4FAE-4C16-8EF9-93659DA7CCDA}.Debug|Any CPU.Build.0 = Debug|Any CPU
		{C4CAC2B3-4FAE-4C16-8EF9-93659DA7CCDA}.Release|Any CPU.ActiveCfg = Release|Any CPU
		{C4CAC2B3-4FAE-4C16-8EF9-93659DA7CCDA}.Release|Any CPU.Build.0 = Release|Any CPU
	EndGlobalSection
	GlobalSection(SolutionProperties) = preSolution
		HideSolutionNode = FALSE
	EndGlobalSection
	GlobalSection(ExtensibilityGlobals) = postSolution
		SolutionGuid = {3A4D86A4-C6C2-4FC1-8055-8BD7F2C9F8D8}
	EndGlobalSection
EndGlobal
